
Microsoft Visual Studio Solution File, Format Version 12.00
# 17
VisualStudioVersion = 17.10.35122.118
MinimumVisualStudioVersion = 10.0.40219.1
Project("{9A19103F-16F7-4668-BE54-9A1E7A4F7556}") = "Jabber.Api", "Jabber.Api\Jabber.Api.csproj", "{0CC77E04-06EC-48B1-93F4-1266EA3A5562}"
EndProject
Project("{9A19103F-16F7-4668-BE54-9A1E7A4F7556}") = "Jabber.Server", "Jabber.Server\Jabber.Server.csproj", "{064663B5-16EA-40CD-BD29-5AEF95ACD54F}"
EndProject
Global
	GlobalSection(SolutionConfigurationPlatforms) = preSolution
		Debug|Any CPU = Debug|Any CPU
		Release|Any CPU = Release|Any CPU
	EndGlobalSection
	GlobalSection(ProjectConfigurationPlatforms) = postSolution
		{0CC77E04-06EC-48B1-93F4-1266EA3A5562}.Debug|Any CPU.ActiveCfg = Debug|Any CPU
		{0CC77E04-06EC-48B1-93F4-1266EA3A5562}.Debug|Any CPU.Build.0 = Debug|Any CPU
		{0CC77E04-06EC-48B1-93F4-1266EA3A5562}.Release|Any CPU.ActiveCfg = Release|Any CPU
		{0CC77E04-06EC-48B1-93F4-1266EA3A5562}.Release|Any CPU.Build.0 = Release|Any CPU
		{064663B5-16EA-40CD-BD29-5AEF95ACD54F}.Debug|Any CPU.ActiveCfg = Debug|Any CPU
		{064663B5-16EA-40CD-BD29-5AEF95ACD54F}.Debug|Any CPU.Build.0 = Debug|Any CPU
		{064663B5-16EA-40CD-BD29-5AEF95ACD54F}.Release|Any CPU.ActiveCfg = Release|Any CPU
		{064663B5-16EA-40CD-BD29-5AEF95ACD54F}.Release|Any CPU.Build.0 = Release|Any CPU
	EndGlobalSection
	GlobalSection(SolutionProperties) = preSolution
		HideSolutionNode = FALSE
	EndGlobalSection
	GlobalSection(ExtensibilityGlobals) = postSolution
		SolutionGuid = {8BAE25B8-643D-4827-9631-098730CE1322}
	EndGlobalSection
EndGlobal
